
Microsoft Visual Studio Solution File, Format Version 11.00
# Visual Studio 2010
Project("{FAE04EC0-301F-11D3-BF4B-00C04F79EFBC}") = "Octgn", "Octgn.csproj", "{C6ADE75C-5BC2-47DB-9240-B99C66431EF3}"
EndProject
Project("{FAE04EC0-301F-11D3-BF4B-00C04F79EFBC}") = "Octgn.Server", "..\Octgn.Server\Octgn.Server.csproj", "{6DD203AF-5003-4AF3-A982-67F10B704D4A}"
EndProject
Project("{FAE04EC0-301F-11D3-BF4B-00C04F79EFBC}") = "Octgn.Data", "..\Octgn.Data\Octgn.Data.csproj", "{6C6E53BA-E75B-4E93-98CA-3C39ED908B2C}"
EndProject
Project("{FAE04EC0-301F-11D3-BF4B-00C04F79EFBC}") = "NetShit", "..\..\..\..\NetShit\trunk\NetShit.csproj", "{B637235E-7CC5-4600-BA00-46F5FACD2DE4}"
EndProject
Global
	GlobalSection(SolutionConfigurationPlatforms) = preSolution
		Debug|Any CPU = Debug|Any CPU
		Release|Any CPU = Release|Any CPU
	EndGlobalSection
	GlobalSection(ProjectConfigurationPlatforms) = postSolution
		{C6ADE75C-5BC2-47DB-9240-B99C66431EF3}.Debug|Any CPU.ActiveCfg = Debug|Any CPU
		{C6ADE75C-5BC2-47DB-9240-B99C66431EF3}.Debug|Any CPU.Build.0 = Debug|Any CPU
		{C6ADE75C-5BC2-47DB-9240-B99C66431EF3}.Release|Any CPU.ActiveCfg = Release|Any CPU
		{C6ADE75C-5BC2-47DB-9240-B99C66431EF3}.Release|Any CPU.Build.0 = Release|Any CPU
		{6DD203AF-5003-4AF3-A982-67F10B704D4A}.Debug|Any CPU.ActiveCfg = Debug|Any CPU
		{6DD203AF-5003-4AF3-A982-67F10B704D4A}.Debug|Any CPU.Build.0 = Debug|Any CPU
		{6DD203AF-5003-4AF3-A982-67F10B704D4A}.Release|Any CPU.ActiveCfg = Release|Any CPU
		{6DD203AF-5003-4AF3-A982-67F10B704D4A}.Release|Any CPU.Build.0 = Release|Any CPU
		{6C6E53BA-E75B-4E93-98CA-3C39ED908B2C}.Debug|Any CPU.ActiveCfg = Debug|Any CPU
		{6C6E53BA-E75B-4E93-98CA-3C39ED908B2C}.Debug|Any CPU.Build.0 = Debug|Any CPU
		{6C6E53BA-E75B-4E93-98CA-3C39ED908B2C}.Release|Any CPU.ActiveCfg = Release|Any CPU
		{6C6E53BA-E75B-4E93-98CA-3C39ED908B2C}.Release|Any CPU.Build.0 = Release|Any CPU
		{B637235E-7CC5-4600-BA00-46F5FACD2DE4}.Debug|Any CPU.ActiveCfg = Debug|Any CPU
		{B637235E-7CC5-4600-BA00-46F5FACD2DE4}.Debug|Any CPU.Build.0 = Debug|Any CPU
		{B637235E-7CC5-4600-BA00-46F5FACD2DE4}.Release|Any CPU.ActiveCfg = Release|Any CPU
		{B637235E-7CC5-4600-BA00-46F5FACD2DE4}.Release|Any CPU.Build.0 = Release|Any CPU
	EndGlobalSection
	GlobalSection(SolutionProperties) = preSolution
		HideSolutionNode = FALSE
	EndGlobalSection
EndGlobal
